// !$*UTF8*$!
{
	archiveVersion = 1;
	classes = {
	};
	objectVersion = 46;
	objects = {

/* Begin PBXBuildFile section */
		D269357A1BA4BDBB00911EE0 /* TrailCell.m in Sources */ = {isa = PBXBuildFile; fileRef = D26935791BA4BDBB00911EE0 /* TrailCell.m */; };
		D2C06DF21B5EC29500C09998 /* main.m in Sources */ = {isa = PBXBuildFile; fileRef = D2C06DF11B5EC29500C09998 /* main.m */; };
		D2C06DF51B5EC29500C09998 /* AppDelegate.m in Sources */ = {isa = PBXBuildFile; fileRef = D2C06DF41B5EC29500C09998 /* AppDelegate.m */; };
		D2C06DF81B5EC29500C09998 /* TrailViewController.m in Sources */ = {isa = PBXBuildFile; fileRef = D2C06DF71B5EC29500C09998 /* TrailViewController.m */; };
		D2C06DFB1B5EC29500C09998 /* Main.storyboard in Resources */ = {isa = PBXBuildFile; fileRef = D2C06DF91B5EC29500C09998 /* Main.storyboard */; };
		D2C06DFD1B5EC29500C09998 /* Images.xcassets in Resources */ = {isa = PBXBuildFile; fileRef = D2C06DFC1B5EC29500C09998 /* Images.xcassets */; };
		D2C06E001B5EC29500C09998 /* LaunchScreen.xib in Resources */ = {isa = PBXBuildFile; fileRef = D2C06DFE1B5EC29500C09998 /* LaunchScreen.xib */; };
		D2C06E0C1B5EC29500C09998 /* FindMyTrailTests.m in Sources */ = {isa = PBXBuildFile; fileRef = D2C06E0B1B5EC29500C09998 /* FindMyTrailTests.m */; };
		D2C06E171B5EC2D800C09998 /* Trail.m in Sources */ = {isa = PBXBuildFile; fileRef = D2C06E161B5EC2D800C09998 /* Trail.m */; };
		D2C06E1A1B5EC2EA00C09998 /* TrailController.m in Sources */ = {isa = PBXBuildFile; fileRef = D2C06E191B5EC2EA00C09998 /* TrailController.m */; };
		D2C06E1D1B5EC30600C09998 /* DetailViewController.m in Sources */ = {isa = PBXBuildFile; fileRef = D2C06E1C1B5EC30600C09998 /* DetailViewController.m */; };
		D2EF43271BC95E0A004CFF52 /* CoreLocation.framework in Frameworks */ = {isa = PBXBuildFile; fileRef = D2EF43261BC95E0A004CFF52 /* CoreLocation.framework */; };
		D2EF43291BC95E1C004CFF52 /* MapKit.framework in Frameworks */ = {isa = PBXBuildFile; fileRef = D2EF43281BC95E1C004CFF52 /* MapKit.framework */; };
/* End PBXBuildFile section */

/* Begin PBXContainerItemProxy section */
		D2C06E061B5EC29500C09998 /* PBXContainerItemProxy */ = {
			isa = PBXContainerItemProxy;
			containerPortal = D2C06DE41B5EC29500C09998 /* Project object */;
			proxyType = 1;
			remoteGlobalIDString = D2C06DEB1B5EC29500C09998;
			remoteInfo = FindMyTrail;
		};
/* End PBXContainerItemProxy section */

/* Begin PBXFileReference section */
		D26935781BA4BDBB00911EE0 /* TrailCell.h */ = {isa = PBXFileReference; fileEncoding = 4; lastKnownFileType = sourcecode.c.h; path = TrailCell.h; sourceTree = "<group>"; };
		D26935791BA4BDBB00911EE0 /* TrailCell.m */ = {isa = PBXFileReference; fileEncoding = 4; lastKnownFileType = sourcecode.c.objc; path = TrailCell.m; sourceTree = "<group>"; };
		D2C06DEC1B5EC29500C09998 /* FindMyTrail.app */ = {isa = PBXFileReference; explicitFileType = wrapper.application; includeInIndex = 0; path = FindMyTrail.app; sourceTree = BUILT_PRODUCTS_DIR; };
		D2C06DF01B5EC29500C09998 /* Info.plist */ = {isa = PBXFileReference; lastKnownFileType = text.plist.xml; path = Info.plist; sourceTree = "<group>"; };
		D2C06DF11B5EC29500C09998 /* main.m */ = {isa = PBXFileReference; lastKnownFileType = sourcecode.c.objc; path = main.m; sourceTree = "<group>"; };
		D2C06DF31B5EC29500C09998 /* AppDelegate.h */ = {isa = PBXFileReference; lastKnownFileType = sourcecode.c.h; path = AppDelegate.h; sourceTree = "<group>"; };
		D2C06DF41B5EC29500C09998 /* AppDelegate.m */ = {isa = PBXFileReference; lastKnownFileType = sourcecode.c.objc; path = AppDelegate.m; sourceTree = "<group>"; };
		D2C06DF61B5EC29500C09998 /* TrailViewController.h */ = {isa = PBXFileReference; lastKnownFileType = sourcecode.c.h; path = TrailViewController.h; sourceTree = "<group>"; };
		D2C06DF71B5EC29500C09998 /* TrailViewController.m */ = {isa = PBXFileReference; lastKnownFileType = sourcecode.c.objc; path = TrailViewController.m; sourceTree = "<group>"; };
		D2C06DFA1B5EC29500C09998 /* Base */ = {isa = PBXFileReference; lastKnownFileType = file.storyboard; name = Base; path = Base.lproj/Main.storyboard; sourceTree = "<group>"; };
		D2C06DFC1B5EC29500C09998 /* Images.xcassets */ = {isa = PBXFileReference; lastKnownFileType = folder.assetcatalog; path = Images.xcassets; sourceTree = "<group>"; };
		D2C06DFF1B5EC29500C09998 /* Base */ = {isa = PBXFileReference; lastKnownFileType = file.xib; name = Base; path = Base.lproj/LaunchScreen.xib; sourceTree = "<group>"; };
		D2C06E051B5EC29500C09998 /* FindMyTrailTests.xctest */ = {isa = PBXFileReference; explicitFileType = wrapper.cfbundle; includeInIndex = 0; path = FindMyTrailTests.xctest; sourceTree = BUILT_PRODUCTS_DIR; };
		D2C06E0A1B5EC29500C09998 /* Info.plist */ = {isa = PBXFileReference; lastKnownFileType = text.plist.xml; path = Info.plist; sourceTree = "<group>"; };
		D2C06E0B1B5EC29500C09998 /* FindMyTrailTests.m */ = {isa = PBXFileReference; lastKnownFileType = sourcecode.c.objc; path = FindMyTrailTests.m; sourceTree = "<group>"; };
		D2C06E151B5EC2D800C09998 /* Trail.h */ = {isa = PBXFileReference; fileEncoding = 4; lastKnownFileType = sourcecode.c.h; path = Trail.h; sourceTree = "<group>"; };
		D2C06E161B5EC2D800C09998 /* Trail.m */ = {isa = PBXFileReference; fileEncoding = 4; lastKnownFileType = sourcecode.c.objc; path = Trail.m; sourceTree = "<group>"; };
		D2C06E181B5EC2EA00C09998 /* TrailController.h */ = {isa = PBXFileReference; fileEncoding = 4; lastKnownFileType = sourcecode.c.h; path = TrailController.h; sourceTree = "<group>"; };
		D2C06E191B5EC2EA00C09998 /* TrailController.m */ = {isa = PBXFileReference; fileEncoding = 4; lastKnownFileType = sourcecode.c.objc; path = TrailController.m; sourceTree = "<group>"; };
		D2C06E1B1B5EC30600C09998 /* DetailViewController.h */ = {isa = PBXFileReference; fileEncoding = 4; lastKnownFileType = sourcecode.c.h; path = DetailViewController.h; sourceTree = "<group>"; };
		D2C06E1C1B5EC30600C09998 /* DetailViewController.m */ = {isa = PBXFileReference; fileEncoding = 4; lastKnownFileType = sourcecode.c.objc; path = DetailViewController.m; sourceTree = "<group>"; };
		D2EF43261BC95E0A004CFF52 /* CoreLocation.framework */ = {isa = PBXFileReference; lastKnownFileType = wrapper.framework; name = CoreLocation.framework; path = System/Library/Frameworks/CoreLocation.framework; sourceTree = SDKROOT; };
		D2EF43281BC95E1C004CFF52 /* MapKit.framework */ = {isa = PBXFileReference; lastKnownFileType = wrapper.framework; name = MapKit.framework; path = System/Library/Frameworks/MapKit.framework; sourceTree = SDKROOT; };
/* End PBXFileReference section */

/* Begin PBXFrameworksBuildPhase section */
		D2C06DE91B5EC29500C09998 /* Frameworks */ = {
			isa = PBXFrameworksBuildPhase;
			buildActionMask = 2147483647;
			files = (
				D2EF43291BC95E1C004CFF52 /* MapKit.framework in Frameworks */,
				D2EF43271BC95E0A004CFF52 /* CoreLocation.framework in Frameworks */,
			);
			runOnlyForDeploymentPostprocessing = 0;
		};
		D2C06E021B5EC29500C09998 /* Frameworks */ = {
			isa = PBXFrameworksBuildPhase;
			buildActionMask = 2147483647;
			files = (
			);
			runOnlyForDeploymentPostprocessing = 0;
		};
/* End PBXFrameworksBuildPhase section */

/* Begin PBXGroup section */
		D2C06DE31B5EC29500C09998 = {
			isa = PBXGroup;
			children = (
				D2EF43281BC95E1C004CFF52 /* MapKit.framework */,
				D2EF43261BC95E0A004CFF52 /* CoreLocation.framework */,
				D2C06DEE1B5EC29500C09998 /* FindMyTrail */,
				D2C06E081B5EC29500C09998 /* FindMyTrailTests */,
				D2C06DED1B5EC29500C09998 /* Products */,
			);
			sourceTree = "<group>";
		};
		D2C06DED1B5EC29500C09998 /* Products */ = {
			isa = PBXGroup;
			children = (
				D2C06DEC1B5EC29500C09998 /* FindMyTrail.app */,
				D2C06E051B5EC29500C09998 /* FindMyTrailTests.xctest */,
			);
			name = Products;
			sourceTree = "<group>";
		};
		D2C06DEE1B5EC29500C09998 /* FindMyTrail */ = {
			isa = PBXGroup;
			children = (
				D2C06DF31B5EC29500C09998 /* AppDelegate.h */,
				D2C06DF41B5EC29500C09998 /* AppDelegate.m */,
				D2C06DF61B5EC29500C09998 /* TrailViewController.h */,
				D2C06DF71B5EC29500C09998 /* TrailViewController.m */,
				D26935781BA4BDBB00911EE0 /* TrailCell.h */,
				D26935791BA4BDBB00911EE0 /* TrailCell.m */,
				D2C06E181B5EC2EA00C09998 /* TrailController.h */,
				D2C06E191B5EC2EA00C09998 /* TrailController.m */,
				D2C06E151B5EC2D800C09998 /* Trail.h */,
				D2C06E161B5EC2D800C09998 /* Trail.m */,
				D2C06E1B1B5EC30600C09998 /* DetailViewController.h */,
				D2C06E1C1B5EC30600C09998 /* DetailViewController.m */,
				D2C06DF91B5EC29500C09998 /* Main.storyboard */,
				D2C06DFC1B5EC29500C09998 /* Images.xcassets */,
				D2C06DFE1B5EC29500C09998 /* LaunchScreen.xib */,
				D2C06DEF1B5EC29500C09998 /* Supporting Files */,
			);
			path = FindMyTrail;
			sourceTree = "<group>";
		};
		D2C06DEF1B5EC29500C09998 /* Supporting Files */ = {
			isa = PBXGroup;
			children = (
				D2C06DF01B5EC29500C09998 /* Info.plist */,
				D2C06DF11B5EC29500C09998 /* main.m */,
			);
			name = "Supporting Files";
			sourceTree = "<group>";
		};
		D2C06E081B5EC29500C09998 /* FindMyTrailTests */ = {
			isa = PBXGroup;
			children = (
				D2C06E0B1B5EC29500C09998 /* FindMyTrailTests.m */,
				D2C06E091B5EC29500C09998 /* Supporting Files */,
			);
			path = FindMyTrailTests;
			sourceTree = "<group>";
		};
		D2C06E091B5EC29500C09998 /* Supporting Files */ = {
			isa = PBXGroup;
			children = (
				D2C06E0A1B5EC29500C09998 /* Info.plist */,
			);
			name = "Supporting Files";
			sourceTree = "<group>";
		};
/* End PBXGroup section */

/* Begin PBXNativeTarget section */
		D2C06DEB1B5EC29500C09998 /* FindMyTrail */ = {
			isa = PBXNativeTarget;
			buildConfigurationList = D2C06E0F1B5EC29500C09998 /* Build configuration list for PBXNativeTarget "FindMyTrail" */;
			buildPhases = (
				D2C06DE81B5EC29500C09998 /* Sources */,
				D2C06DE91B5EC29500C09998 /* Frameworks */,
				D2C06DEA1B5EC29500C09998 /* Resources */,
			);
			buildRules = (
			);
			dependencies = (
			);
			name = FindMyTrail;
			productName = FindMyTrail;
			productReference = D2C06DEC1B5EC29500C09998 /* FindMyTrail.app */;
			productType = "com.apple.product-type.application";
		};
		D2C06E041B5EC29500C09998 /* FindMyTrailTests */ = {
			isa = PBXNativeTarget;
			buildConfigurationList = D2C06E121B5EC29500C09998 /* Build configuration list for PBXNativeTarget "FindMyTrailTests" */;
			buildPhases = (
				D2C06E011B5EC29500C09998 /* Sources */,
				D2C06E021B5EC29500C09998 /* Frameworks */,
				D2C06E031B5EC29500C09998 /* Resources */,
			);
			buildRules = (
			);
			dependencies = (
				D2C06E071B5EC29500C09998 /* PBXTargetDependency */,
			);
			name = FindMyTrailTests;
			productName = FindMyTrailTests;
			productReference = D2C06E051B5EC29500C09998 /* FindMyTrailTests.xctest */;
			productType = "com.apple.product-type.bundle.unit-test";
		};
/* End PBXNativeTarget section */

/* Begin PBXProject section */
		D2C06DE41B5EC29500C09998 /* Project object */ = {
			isa = PBXProject;
			attributes = {
				LastUpgradeCheck = 0640;
				ORGANIZATIONNAME = "jonathan thornburg";
				TargetAttributes = {
					D2C06DEB1B5EC29500C09998 = {
						CreatedOnToolsVersion = 6.4;
						DevelopmentTeam = 5XL94NV2G5;
					};
					D2C06E041B5EC29500C09998 = {
						CreatedOnToolsVersion = 6.4;
						DevelopmentTeam = 5XL94NV2G5;
						TestTargetID = D2C06DEB1B5EC29500C09998;
					};
				};
			};
			buildConfigurationList = D2C06DE71B5EC29500C09998 /* Build configuration list for PBXProject "FindMyTrail" */;
			compatibilityVersion = "Xcode 3.2";
			developmentRegion = English;
			hasScannedForEncodings = 0;
			knownRegions = (
				en,
				Base,
			);
			mainGroup = D2C06DE31B5EC29500C09998;
			productRefGroup = D2C06DED1B5EC29500C09998 /* Products */;
			projectDirPath = "";
			projectRoot = "";
			targets = (
				D2C06DEB1B5EC29500C09998 /* FindMyTrail */,
				D2C06E041B5EC29500C09998 /* FindMyTrailTests */,
			);
		};
/* End PBXProject section */

/* Begin PBXResourcesBuildPhase section */
		D2C06DEA1B5EC29500C09998 /* Resources */ = {
			isa = PBXResourcesBuildPhase;
			buildActionMask = 2147483647;
			files = (
				D2C06DFB1B5EC29500C09998 /* Main.storyboard in Resources */,
				D2C06E001B5EC29500C09998 /* LaunchScreen.xib in Resources */,
				D2C06DFD1B5EC29500C09998 /* Images.xcassets in Resources */,
			);
			runOnlyForDeploymentPostprocessing = 0;
		};
		D2C06E031B5EC29500C09998 /* Resources */ = {
			isa = PBXResourcesBuildPhase;
			buildActionMask = 2147483647;
			files = (
			);
			runOnlyForDeploymentPostprocessing = 0;
		};
/* End PBXResourcesBuildPhase section */

/* Begin PBXSourcesBuildPhase section */
		D2C06DE81B5EC29500C09998 /* Sources */ = {
			isa = PBXSourcesBuildPhase;
			buildActionMask = 2147483647;
			files = (
				D2C06DF81B5EC29500C09998 /* TrailViewController.m in Sources */,
				D2C06E1A1B5EC2EA00C09998 /* TrailController.m in Sources */,
				D269357A1BA4BDBB00911EE0 /* TrailCell.m in Sources */,
				D2C06DF51B5EC29500C09998 /* AppDelegate.m in Sources */,
				D2C06E171B5EC2D800C09998 /* Trail.m in Sources */,
				D2C06DF21B5EC29500C09998 /* main.m in Sources */,
				D2C06E1D1B5EC30600C09998 /* DetailViewController.m in Sources */,
			);
			runOnlyForDeploymentPostprocessing = 0;
		};
		D2C06E011B5EC29500C09998 /* Sources */ = {
			isa = PBXSourcesBuildPhase;
			buildActionMask = 2147483647;
			files = (
				D2C06E0C1B5EC29500C09998 /* FindMyTrailTests.m in Sources */,
			);
			runOnlyForDeploymentPostprocessing = 0;
		};
/* End PBXSourcesBuildPhase section */

/* Begin PBXTargetDependency section */
		D2C06E071B5EC29500C09998 /* PBXTargetDependency */ = {
			isa = PBXTargetDependency;
			target = D2C06DEB1B5EC29500C09998 /* FindMyTrail */;
			targetProxy = D2C06E061B5EC29500C09998 /* PBXContainerItemProxy */;
		};
/* End PBXTargetDependency section */

/* Begin PBXVariantGroup section */
		D2C06DF91B5EC29500C09998 /* Main.storyboard */ = {
			isa = PBXVariantGroup;
			children = (
				D2C06DFA1B5EC29500C09998 /* Base */,
			);
			name = Main.storyboard;
			sourceTree = "<group>";
		};
		D2C06DFE1B5EC29500C09998 /* LaunchScreen.xib */ = {
			isa = PBXVariantGroup;
			children = (
				D2C06DFF1B5EC29500C09998 /* Base */,
			);
			name = LaunchScreen.xib;
			sourceTree = "<group>";
		};
/* End PBXVariantGroup section */

/* Begin XCBuildConfiguration section */
		D2C06E0D1B5EC29500C09998 /* Debug */ = {
			isa = XCBuildConfiguration;
			buildSettings = {
				ALWAYS_SEARCH_USER_PATHS = NO;
				CLANG_CXX_LANGUAGE_STANDARD = "gnu++0x";
				CLANG_CXX_LIBRARY = "libc++";
				CLANG_ENABLE_MODULES = YES;
				CLANG_ENABLE_OBJC_ARC = YES;
				CLANG_WARN_BOOL_CONVERSION = YES;
				CLANG_WARN_CONSTANT_CONVERSION = YES;
				CLANG_WARN_DIRECT_OBJC_ISA_USAGE = YES_ERROR;
				CLANG_WARN_EMPTY_BODY = YES;
				CLANG_WARN_ENUM_CONVERSION = YES;
				CLANG_WARN_INT_CONVERSION = YES;
				CLANG_WARN_OBJC_ROOT_CLASS = YES_ERROR;
				CLANG_WARN_UNREACHABLE_CODE = YES;
				CLANG_WARN__DUPLICATE_METHOD_MATCH = YES;
				CODE_SIGN_IDENTITY = "iPhone Distribution: jonathan thornburg (5XL94NV2G5)";
				"CODE_SIGN_IDENTITY[sdk=iphoneos*]" = "iPhone Developer";
				COPY_PHASE_STRIP = NO;
				DEBUG_INFORMATION_FORMAT = "dwarf-with-dsym";
				ENABLE_STRICT_OBJC_MSGSEND = YES;
				GCC_C_LANGUAGE_STANDARD = gnu99;
				GCC_DYNAMIC_NO_PIC = NO;
				GCC_NO_COMMON_BLOCKS = YES;
				GCC_OPTIMIZATION_LEVEL = 0;
				GCC_PREPROCESSOR_DEFINITIONS = (
					"DEBUG=1",
					"$(inherited)",
				);
				GCC_SYMBOLS_PRIVATE_EXTERN = NO;
				GCC_WARN_64_TO_32_BIT_CONVERSION = YES;
				GCC_WARN_ABOUT_RETURN_TYPE = YES_ERROR;
				GCC_WARN_UNDECLARED_SELECTOR = YES;
				GCC_WARN_UNINITIALIZED_AUTOS = YES_AGGRESSIVE;
				GCC_WARN_UNUSED_FUNCTION = YES;
				GCC_WARN_UNUSED_VARIABLE = YES;
				IPHONEOS_DEPLOYMENT_TARGET = 8.4;
				MTL_ENABLE_DEBUG_INFO = YES;
				ONLY_ACTIVE_ARCH = YES;
				PROVISIONING_PROFILE = "c805160a-2d7c-4162-82ee-2fd8856aab78";
				SDKROOT = iphoneos;
			};
			name = Debug;
		};
		D2C06E0E1B5EC29500C09998 /* Release */ = {
			isa = XCBuildConfiguration;
			buildSettings = {
				ALWAYS_SEARCH_USER_PATHS = NO;
				CLANG_CXX_LANGUAGE_STANDARD = "gnu++0x";
				CLANG_CXX_LIBRARY = "libc++";
				CLANG_ENABLE_MODULES = YES;
				CLANG_ENABLE_OBJC_ARC = YES;
				CLANG_WARN_BOOL_CONVERSION = YES;
				CLANG_WARN_CONSTANT_CONVERSION = YES;
				CLANG_WARN_DIRECT_OBJC_ISA_USAGE = YES_ERROR;
				CLANG_WARN_EMPTY_BODY = YES;
				CLANG_WARN_ENUM_CONVERSION = YES;
				CLANG_WARN_INT_CONVERSION = YES;
				CLANG_WARN_OBJC_ROOT_CLASS = YES_ERROR;
				CLANG_WARN_UNREACHABLE_CODE = YES;
				CLANG_WARN__DUPLICATE_METHOD_MATCH = YES;
				CODE_SIGN_IDENTITY = "iPhone Distribution: jonathan thornburg (5XL94NV2G5)";
				"CODE_SIGN_IDENTITY[sdk=iphoneos*]" = "iPhone Developer";
				COPY_PHASE_STRIP = NO;
				DEBUG_INFORMATION_FORMAT = "dwarf-with-dsym";
				ENABLE_NS_ASSERTIONS = NO;
				ENABLE_STRICT_OBJC_MSGSEND = YES;
				GCC_C_LANGUAGE_STANDARD = gnu99;
				GCC_NO_COMMON_BLOCKS = YES;
				GCC_WARN_64_TO_32_BIT_CONVERSION = YES;
				GCC_WARN_ABOUT_RETURN_TYPE = YES_ERROR;
				GCC_WARN_UNDECLARED_SELECTOR = YES;
				GCC_WARN_UNINITIALIZED_AUTOS = YES_AGGRESSIVE;
				GCC_WARN_UNUSED_FUNCTION = YES;
				GCC_WARN_UNUSED_VARIABLE = YES;
				IPHONEOS_DEPLOYMENT_TARGET = 8.4;
				MTL_ENABLE_DEBUG_INFO = NO;
				PROVISIONING_PROFILE = "c805160a-2d7c-4162-82ee-2fd8856aab78";
				SDKROOT = iphoneos;
				VALIDATE_PRODUCT = YES;
			};
			name = Release;
		};
		D2C06E101B5EC29500C09998 /* Debug */ = {
			isa = XCBuildConfiguration;
			buildSettings = {
				ASSETCATALOG_COMPILER_APPICON_NAME = AppIcon;
				CODE_SIGN_IDENTITY = "iPhone Distribution: jonathan thornburg (5XL94NV2G5)";
				INFOPLIST_FILE = FindMyTrail/Info.plist;
				LD_RUNPATH_SEARCH_PATHS = "$(inherited) @executable_path/Frameworks";
				PRODUCT_NAME = "$(TARGET_NAME)";
				PROVISIONING_PROFILE = "c805160a-2d7c-4162-82ee-2fd8856aab78";
			};
			name = Debug;
		};
		D2C06E111B5EC29500C09998 /* Release */ = {
			isa = XCBuildConfiguration;
			buildSettings = {
				ASSETCATALOG_COMPILER_APPICON_NAME = AppIcon;
				CODE_SIGN_IDENTITY = "iPhone Distribution: jonathan thornburg (5XL94NV2G5)";
				INFOPLIST_FILE = FindMyTrail/Info.plist;
				LD_RUNPATH_SEARCH_PATHS = "$(inherited) @executable_path/Frameworks";
				PRODUCT_NAME = "$(TARGET_NAME)";
				PROVISIONING_PROFILE = "c805160a-2d7c-4162-82ee-2fd8856aab78";
			};
			name = Release;
		};
		D2C06E131B5EC29500C09998 /* Debug */ = {
			isa = XCBuildConfiguration;
			buildSettings = {
				BUNDLE_LOADER = "$(TEST_HOST)";
				CODE_SIGN_IDENTITY = "iPhone Developer";
				"CODE_SIGN_IDENTITY[sdk=iphoneos*]" = "iPhone Developer";
				FRAMEWORK_SEARCH_PATHS = (
					"$(SDKROOT)/Developer/Library/Frameworks",
					"$(inherited)",
				);
				GCC_PREPROCESSOR_DEFINITIONS = (
					"DEBUG=1",
					"$(inherited)",
				);
				INFOPLIST_FILE = FindMyTrailTests/Info.plist;
				LD_RUNPATH_SEARCH_PATHS = "$(inherited) @executable_path/Frameworks @loader_path/Frameworks";
				PRODUCT_NAME = "$(TARGET_NAME)";
				PROVISIONING_PROFILE = "";
				TEST_HOST = "$(BUILT_PRODUCTS_DIR)/FindMyTrail.app/FindMyTrail";
			};
			name = Debug;
		};
		D2C06E141B5EC29500C09998 /* Release */ = {
			isa = XCBuildConfiguration;
			buildSettings = {
				BUNDLE_LOADER = "$(TEST_HOST)";
				CODE_SIGN_IDENTITY = "iPhone Developer";
				"CODE_SIGN_IDENTITY[sdk=iphoneos*]" = "iPhone Developer";
				FRAMEWORK_SEARCH_PATHS = (
					"$(SDKROOT)/Developer/Library/Frameworks",
					"$(inherited)",
				);
				INFOPLIST_FILE = FindMyTrailTests/Info.plist;
				LD_RUNPATH_SEARCH_PATHS = "$(inherited) @executable_path/Frameworks @loader_path/Frameworks";
				PRODUCT_NAME = "$(TARGET_NAME)";
				PROVISIONING_PROFILE = "";
				TEST_HOST = "$(BUILT_PRODUCTS_DIR)/FindMyTrail.app/FindMyTrail";
			};
			name = Release;
		};
		D2E645F91B6068FC0049B7C6 /* Release copy */ = {
			isa = XCBuildConfiguration;
			buildSettings = {
				ALWAYS_SEARCH_USER_PATHS = NO;
				CLANG_CXX_LANGUAGE_STANDARD = "gnu++0x";
				CLANG_CXX_LIBRARY = "libc++";
				CLANG_ENABLE_MODULES = YES;
				CLANG_ENABLE_OBJC_ARC = YES;
				CLANG_WARN_BOOL_CONVERSION = YES;
				CLANG_WARN_CONSTANT_CONVERSION = YES;
				CLANG_WARN_DIRECT_OBJC_ISA_USAGE = YES_ERROR;
				CLANG_WARN_EMPTY_BODY = YES;
				CLANG_WARN_ENUM_CONVERSION = YES;
				CLANG_WARN_INT_CONVERSION = YES;
				CLANG_WARN_OBJC_ROOT_CLASS = YES_ERROR;
				CLANG_WARN_UNREACHABLE_CODE = YES;
				CLANG_WARN__DUPLICATE_METHOD_MATCH = YES;
				CODE_SIGN_IDENTITY = "iPhone Distribution: jonathan thornburg (5XL94NV2G5)";
				"CODE_SIGN_IDENTITY[sdk=iphoneos*]" = "iPhone Developer";
				COPY_PHASE_STRIP = NO;
				DEBUG_INFORMATION_FORMAT = "dwarf-with-dsym";
				ENABLE_NS_ASSERTIONS = NO;
				ENABLE_STRICT_OBJC_MSGSEND = YES;
				GCC_C_LANGUAGE_STANDARD = gnu99;
				GCC_NO_COMMON_BLOCKS = YES;
				GCC_WARN_64_TO_32_BIT_CONVERSION = YES;
				GCC_WARN_ABOUT_RETURN_TYPE = YES_ERROR;
				GCC_WARN_UNDECLARED_SELECTOR = YES;
				GCC_WARN_UNINITIALIZED_AUTOS = YES_AGGRESSIVE;
				GCC_WARN_UNUSED_FUNCTION = YES;
				GCC_WARN_UNUSED_VARIABLE = YES;
				IPHONEOS_DEPLOYMENT_TARGET = 8.4;
				MTL_ENABLE_DEBUG_INFO = NO;
				PROVISIONING_PROFILE = "c805160a-2d7c-4162-82ee-2fd8856aab78";
				SDKROOT = iphoneos;
				VALIDATE_PRODUCT = YES;
			};
			name = "Release copy";
		};
		D2E645FA1B6068FC0049B7C6 /* Release copy */ = {
			isa = XCBuildConfiguration;
			buildSettings = {
				ASSETCATALOG_COMPILER_APPICON_NAME = AppIcon;
				CODE_SIGN_IDENTITY = "iPhone Distribution: jonathan thornburg (5XL94NV2G5)";
				INFOPLIST_FILE = FindMyTrail/Info.plist;
				LD_RUNPATH_SEARCH_PATHS = "$(inherited) @executable_path/Frameworks";
				PRODUCT_NAME = "$(TARGET_NAME)";
				PROVISIONING_PROFILE = "c805160a-2d7c-4162-82ee-2fd8856aab78";
			};
			name = "Release copy";
		};
		D2E645FB1B6068FC0049B7C6 /* Release copy */ = {
			isa = XCBuildConfiguration;
			buildSettings = {
				BUNDLE_LOADER = "$(TEST_HOST)";
				CODE_SIGN_IDENTITY = "iPhone Developer";
				"CODE_SIGN_IDENTITY[sdk=iphoneos*]" = "iPhone Developer";
				FRAMEWORK_SEARCH_PATHS = (
					"$(SDKROOT)/Developer/Library/Frameworks",
					"$(inherited)",
				);
				INFOPLIST_FILE = FindMyTrailTests/Info.plist;
				LD_RUNPATH_SEARCH_PATHS = "$(inherited) @executable_path/Frameworks @loader_path/Frameworks";
				PRODUCT_NAME = "$(TARGET_NAME)";
				PROVISIONING_PROFILE = "";
				TEST_HOST = "$(BUILT_PRODUCTS_DIR)/FindMyTrail.app/FindMyTrail";
			};
			name = "Release copy";
		};
/* End XCBuildConfiguration section */

/* Begin XCConfigurationList section */
		D2C06DE71B5EC29500C09998 /* Build configuration list for PBXProject "FindMyTrail" */ = {
			isa = XCConfigurationList;
			buildConfigurations = (
				D2C06E0D1B5EC29500C09998 /* Debug */,
				D2C06E0E1B5EC29500C09998 /* Release */,
				D2E645F91B6068FC0049B7C6 /* Release copy */,
			);
			defaultConfigurationIsVisible = 0;
			defaultConfigurationName = Release;
		};
		D2C06E0F1B5EC29500C09998 /* Build configuration list for PBXNativeTarget "FindMyTrail" */ = {
			isa = XCConfigurationList;
			buildConfigurations = (
				D2C06E101B5EC29500C09998 /* Debug */,
				D2C06E111B5EC29500C09998 /* Release */,
				D2E645FA1B6068FC0049B7C6 /* Release copy */,
			);
			defaultConfigurationIsVisible = 0;
			defaultConfigurationName = Release;
		};
		D2C06E121B5EC29500C09998 /* Build configuration list for PBXNativeTarget "FindMyTrailTests" */ = {
			isa = XCConfigurationList;
			buildConfigurations = (
				D2C06E131B5EC29500C09998 /* Debug */,
				D2C06E141B5EC29500C09998 /* Release */,
				D2E645FB1B6068FC0049B7C6 /* Release copy */,
			);
			defaultConfigurationIsVisible = 0;
			defaultConfigurationName = Release;
		};
/* End XCConfigurationList section */
	};
	rootObject = D2C06DE41B5EC29500C09998 /* Project object */;
}
